# This file is automatically @generated by Cargo.
# It is not intended for manual editing.
version = 4

[[package]]
name = "quorumscope-api"
version = "0.1.0"

[[package]]
name = "quorumscope-cli"
version = "0.1.0"

[[package]]
name = "quorumscope-domain"
version = "0.1.0"

[[package]]
name = "quorumscope-freeze"
version = "0.1.0"

[[package]]
name = "quorumscope-impact"
version = "0.1.0"

[[package]]
name = "quorumscope-indexer"
version = "0.1.0"

[[package]]
name = "quorumscope-preflight"
version = "0.1.0"

[[package]]
name = "quorumscope-report"
version = "0.1.0"

[[package]]
name = "quorumscope-rpc"
version = "0.1.0"

[[package]]
name = "quorumscope-storage"
version = "0.1.0"

[[package]]
name = "quorumscope-xdr"
version = "0.1.0"
